
Microsoft Visual Studio Solution File, Format Version 12.00
# Visual Studio Version 16
VisualStudioVersion = 16.0.32510.428
MinimumVisualStudioVersion = 10.0.40219.1
Project("{2150E333-8FDC-42A3-9474-1A3956D46DE8}") = "DAL_Level", "DAL_Level", "{08B7EFDC-F912-43C7-B7DC-E01D3A75E0A5}"
EndProject
Project("{2150E333-8FDC-42A3-9474-1A3956D46DE8}") = "BLL_Level", "BLL_Level", "{72403DAB-E0B1-4E3E-88FB-3194B102DBAB}"
EndProject
Project("{2150E333-8FDC-42A3-9474-1A3956D46DE8}") = "API", "API", "{51626BF5-488A-495A-93D5-4FBDFCADBDB8}"
EndProject
Project("{2150E333-8FDC-42A3-9474-1A3956D46DE8}") = "PL_Level", "PL_Level", "{32C2B690-C736-43CE-8A0D-E91F204B4663}"
EndProject
Project("{FAE04EC0-301F-11D3-BF4B-00C04F79EFBC}") = "DataBase", "DataBase\DataBase.csproj", "{6E2A596A-61E9-49B0-83D1-28589A09ED39}"
EndProject
Project("{FAE04EC0-301F-11D3-BF4B-00C04F79EFBC}") = "Repository", "Repository\Repository.csproj", "{BD0889F1-278D-48D4-8B3D-1E01390D814D}"
EndProject
Project("{FAE04EC0-301F-11D3-BF4B-00C04F79EFBC}") = "UoW", "UoW\UoW.csproj", "{5F4CD100-609B-447C-8BE6-C5DA50F01496}"
EndProject
Project("{FAE04EC0-301F-11D3-BF4B-00C04F79EFBC}") = "BLL", "BLL\BLL.csproj", "{2B39D7FE-3221-4D1A-9C4A-00985B9AA5BA}"
EndProject
Project("{FAE04EC0-301F-11D3-BF4B-00C04F79EFBC}") = "API", "API\API.csproj", "{941EE436-2AAE-4CAE-9535-A22C77E00610}"
EndProject
Project("{FAE04EC0-301F-11D3-BF4B-00C04F79EFBC}") = "UI", "UI\UI.csproj", "{7FDBE065-4E31-4D89-8752-3A9E36340C7B}"
EndProject
Project("{FAE04EC0-301F-11D3-BF4B-00C04F79EFBC}") = "BLL_Modules", "BLL_Modules\BLL_Modules.csproj", "{3FE9BF58-D232-4EAD-A330-50FDA0C9FA17}"
EndProject
Project("{FAE04EC0-301F-11D3-BF4B-00C04F79EFBC}") = "Mappers", "Mappers\Mappers.csproj", "{FD0DB5E5-ADFB-446F-B1E1-96DD90978778}"
EndProject
Project("{FAE04EC0-301F-11D3-BF4B-00C04F79EFBC}") = "API_Modules", "API_Modules\API_Modules.csproj", "{C17C4093-611B-4148-BF3F-B5E60F5BDF23}"
EndProject
Global
	GlobalSection(SolutionConfigurationPlatforms) = preSolution
		Debug|Any CPU = Debug|Any CPU
		Release|Any CPU = Release|Any CPU
	EndGlobalSection
	GlobalSection(ProjectConfigurationPlatforms) = postSolution
		{6E2A596A-61E9-49B0-83D1-28589A09ED39}.Debug|Any CPU.ActiveCfg = Debug|Any CPU
		{6E2A596A-61E9-49B0-83D1-28589A09ED39}.Debug|Any CPU.Build.0 = Debug|Any CPU
		{6E2A596A-61E9-49B0-83D1-28589A09ED39}.Release|Any CPU.ActiveCfg = Release|Any CPU
		{6E2A596A-61E9-49B0-83D1-28589A09ED39}.Release|Any CPU.Build.0 = Release|Any CPU
		{BD0889F1-278D-48D4-8B3D-1E01390D814D}.Debug|Any CPU.ActiveCfg = Debug|Any CPU
		{BD0889F1-278D-48D4-8B3D-1E01390D814D}.Debug|Any CPU.Build.0 = Debug|Any CPU
		{BD0889F1-278D-48D4-8B3D-1E01390D814D}.Release|Any CPU.ActiveCfg = Release|Any CPU
		{BD0889F1-278D-48D4-8B3D-1E01390D814D}.Release|Any CPU.Build.0 = Release|Any CPU
		{5F4CD100-609B-447C-8BE6-C5DA50F01496}.Debug|Any CPU.ActiveCfg = Debug|Any CPU
		{5F4CD100-609B-447C-8BE6-C5DA50F01496}.Debug|Any CPU.Build.0 = Debug|Any CPU
		{5F4CD100-609B-447C-8BE6-C5DA50F01496}.Release|Any CPU.ActiveCfg = Release|Any CPU
		{5F4CD100-609B-447C-8BE6-C5DA50F01496}.Release|Any CPU.Build.0 = Release|Any CPU
		{2B39D7FE-3221-4D1A-9C4A-00985B9AA5BA}.Debug|Any CPU.ActiveCfg = Debug|Any CPU
		{2B39D7FE-3221-4D1A-9C4A-00985B9AA5BA}.Debug|Any CPU.Build.0 = Debug|Any CPU
		{2B39D7FE-3221-4D1A-9C4A-00985B9AA5BA}.Release|Any CPU.ActiveCfg = Release|Any CPU
		{2B39D7FE-3221-4D1A-9C4A-00985B9AA5BA}.Release|Any CPU.Build.0 = Release|Any CPU
		{941EE436-2AAE-4CAE-9535-A22C77E00610}.Debug|Any CPU.ActiveCfg = Debug|Any CPU
		{941EE436-2AAE-4CAE-9535-A22C77E00610}.Debug|Any CPU.Build.0 = Debug|Any CPU
		{941EE436-2AAE-4CAE-9535-A22C77E00610}.Release|Any CPU.ActiveCfg = Release|Any CPU
		{941EE436-2AAE-4CAE-9535-A22C77E00610}.Release|Any CPU.Build.0 = Release|Any CPU
		{7FDBE065-4E31-4D89-8752-3A9E36340C7B}.Debug|Any CPU.ActiveCfg = Debug|Any CPU
		{7FDBE065-4E31-4D89-8752-3A9E36340C7B}.Debug|Any CPU.Build.0 = Debug|Any CPU
		{7FDBE065-4E31-4D89-8752-3A9E36340C7B}.Release|Any CPU.ActiveCfg = Release|Any CPU
		{7FDBE065-4E31-4D89-8752-3A9E36340C7B}.Release|Any CPU.Build.0 = Release|Any CPU
		{3FE9BF58-D232-4EAD-A330-50FDA0C9FA17}.Debug|Any CPU.ActiveCfg = Debug|Any CPU
		{3FE9BF58-D232-4EAD-A330-50FDA0C9FA17}.Debug|Any CPU.Build.0 = Debug|Any CPU
		{3FE9BF58-D232-4EAD-A330-50FDA0C9FA17}.Release|Any CPU.ActiveCfg = Release|Any CPU
		{3FE9BF58-D232-4EAD-A330-50FDA0C9FA17}.Release|Any CPU.Build.0 = Release|Any CPU
		{FD0DB5E5-ADFB-446F-B1E1-96DD90978778}.Debug|Any CPU.ActiveCfg = Debug|Any CPU
		{FD0DB5E5-ADFB-446F-B1E1-96DD90978778}.Debug|Any CPU.Build.0 = Debug|Any CPU
		{FD0DB5E5-ADFB-446F-B1E1-96DD90978778}.Release|Any CPU.ActiveCfg = Release|Any CPU
		{FD0DB5E5-ADFB-446F-B1E1-96DD90978778}.Release|Any CPU.Build.0 = Release|Any CPU
		{C17C4093-611B-4148-BF3F-B5E60F5BDF23}.Debug|Any CPU.ActiveCfg = Debug|Any CPU
		{C17C4093-611B-4148-BF3F-B5E60F5BDF23}.Debug|Any CPU.Build.0 = Debug|Any CPU
		{C17C4093-611B-4148-BF3F-B5E60F5BDF23}.Release|Any CPU.ActiveCfg = Release|Any CPU
		{C17C4093-611B-4148-BF3F-B5E60F5BDF23}.Release|Any CPU.Build.0 = Release|Any CPU
	EndGlobalSection
	GlobalSection(SolutionProperties) = preSolution
		HideSolutionNode = FALSE
	EndGlobalSection
	GlobalSection(NestedProjects) = preSolution
		{6E2A596A-61E9-49B0-83D1-28589A09ED39} = {08B7EFDC-F912-43C7-B7DC-E01D3A75E0A5}
		{BD0889F1-278D-48D4-8B3D-1E01390D814D} = {08B7EFDC-F912-43C7-B7DC-E01D3A75E0A5}
		{5F4CD100-609B-447C-8BE6-C5DA50F01496} = {08B7EFDC-F912-43C7-B7DC-E01D3A75E0A5}
		{2B39D7FE-3221-4D1A-9C4A-00985B9AA5BA} = {72403DAB-E0B1-4E3E-88FB-3194B102DBAB}
		{941EE436-2AAE-4CAE-9535-A22C77E00610} = {51626BF5-488A-495A-93D5-4FBDFCADBDB8}
		{7FDBE065-4E31-4D89-8752-3A9E36340C7B} = {32C2B690-C736-43CE-8A0D-E91F204B4663}
		{3FE9BF58-D232-4EAD-A330-50FDA0C9FA17} = {72403DAB-E0B1-4E3E-88FB-3194B102DBAB}
		{FD0DB5E5-ADFB-446F-B1E1-96DD90978778} = {72403DAB-E0B1-4E3E-88FB-3194B102DBAB}
		{C17C4093-611B-4148-BF3F-B5E60F5BDF23} = {51626BF5-488A-495A-93D5-4FBDFCADBDB8}
	EndGlobalSection
	GlobalSection(ExtensibilityGlobals) = postSolution
		SolutionGuid = {391102C2-5146-4CA8-82D7-5894F3864215}
	EndGlobalSection
EndGlobal
